
Microsoft Visual Studio Solution File, Format Version 12.00
# Visual Studio 15
VisualStudioVersion = 15.0.28307.779
MinimumVisualStudioVersion = 10.0.40219.1
Project("{FAE04EC0-301F-11D3-BF4B-00C04F79EFBC}") = "YatirimDefteri.Android", "YatirimDefteri\YatirimDefteri.Android\YatirimDefteri.Android.csproj", "{E2D5D331-7CF5-4994-B3C5-A0F9768EE37B}"
EndProject
Project("{FAE04EC0-301F-11D3-BF4B-00C04F79EFBC}") = "YatirimDefteri.iOS", "YatirimDefteri\YatirimDefteri.iOS\YatirimDefteri.iOS.csproj", "{C5705535-905C-4F35-BCE2-710F899FC376}"
EndProject
Project("{FAE04EC0-301F-11D3-BF4B-00C04F79EFBC}") = "YatirimDefteri", "YatirimDefteri\YatirimDefteri\YatirimDefteri.csproj", "{528AA1B1-2EA5-448F-962B-93A114396249}"
EndProject
Global
	GlobalSection(SolutionConfigurationPlatforms) = preSolution
		Ad-Hoc|Any CPU = Ad-Hoc|Any CPU
		Ad-Hoc|iPhone = Ad-Hoc|iPhone
		Ad-Hoc|iPhoneSimulator = Ad-Hoc|iPhoneSimulator
		AppStore|Any CPU = AppStore|Any CPU
		AppStore|iPhone = AppStore|iPhone
		AppStore|iPhoneSimulator = AppStore|iPhoneSimulator
		Debug|Any CPU = Debug|Any CPU
		Debug|iPhone = Debug|iPhone
		Debug|iPhoneSimulator = Debug|iPhoneSimulator
		Release|Any CPU = Release|Any CPU
		Release|iPhone = Release|iPhone
		Release|iPhoneSimulator = Release|iPhoneSimulator
	EndGlobalSection
	GlobalSection(ProjectConfigurationPlatforms) = postSolution
		{E2D5D331-7CF5-4994-B3C5-A0F9768EE37B}.Ad-Hoc|Any CPU.ActiveCfg = Release|Any CPU
		{E2D5D331-7CF5-4994-B3C5-A0F9768EE37B}.Ad-Hoc|Any CPU.Build.0 = Release|Any CPU
		{E2D5D331-7CF5-4994-B3C5-A0F9768EE37B}.Ad-Hoc|Any CPU.Deploy.0 = Release|Any CPU
		{E2D5D331-7CF5-4994-B3C5-A0F9768EE37B}.Ad-Hoc|iPhone.ActiveCfg = Release|Any CPU
		{E2D5D331-7CF5-4994-B3C5-A0F9768EE37B}.Ad-Hoc|iPhone.Build.0 = Release|Any CPU
		{E2D5D331-7CF5-4994-B3C5-A0F9768EE37B}.Ad-Hoc|iPhone.Deploy.0 = Release|Any CPU
		{E2D5D331-7CF5-4994-B3C5-A0F9768EE37B}.Ad-Hoc|iPhoneSimulator.ActiveCfg = Release|Any CPU
		{E2D5D331-7CF5-4994-B3C5-A0F9768EE37B}.Ad-Hoc|iPhoneSimulator.Build.0 = Release|Any CPU
		{E2D5D331-7CF5-4994-B3C5-A0F9768EE37B}.Ad-Hoc|iPhoneSimulator.Deploy.0 = Release|Any CPU
		{E2D5D331-7CF5-4994-B3C5-A0F9768EE37B}.AppStore|Any CPU.ActiveCfg = Release|Any CPU
		{E2D5D331-7CF5-4994-B3C5-A0F9768EE37B}.AppStore|Any CPU.Build.0 = Release|Any CPU
		{E2D5D331-7CF5-4994-B3C5-A0F9768EE37B}.AppStore|Any CPU.Deploy.0 = Release|Any CPU
		{E2D5D331-7CF5-4994-B3C5-A0F9768EE37B}.AppStore|iPhone.ActiveCfg = Release|Any CPU
		{E2D5D331-7CF5-4994-B3C5-A0F9768EE37B}.AppStore|iPhone.Build.0 = Release|Any CPU
		{E2D5D331-7CF5-4994-B3C5-A0F9768EE37B}.AppStore|iPhone.Deploy.0 = Release|Any CPU
		{E2D5D331-7CF5-4994-B3C5-A0F9768EE37B}.AppStore|iPhoneSimulator.ActiveCfg = Release|Any CPU
		{E2D5D331-7CF5-4994-B3C5-A0F9768EE37B}.AppStore|iPhoneSimulator.Build.0 = Release|Any CPU
		{E2D5D331-7CF5-4994-B3C5-A0F9768EE37B}.AppStore|iPhoneSimulator.Deploy.0 = Release|Any CPU
		{E2D5D331-7CF5-4994-B3C5-A0F9768EE37B}.Debug|Any CPU.ActiveCfg = Debug|Any CPU
		{E2D5D331-7CF5-4994-B3C5-A0F9768EE37B}.Debug|Any CPU.Build.0 = Debug|Any CPU
		{E2D5D331-7CF5-4994-B3C5-A0F9768EE37B}.Debug|Any CPU.Deploy.0 = Debug|Any CPU
		{E2D5D331-7CF5-4994-B3C5-A0F9768EE37B}.Debug|iPhone.ActiveCfg = Debug|Any CPU
		{E2D5D331-7CF5-4994-B3C5-A0F9768EE37B}.Debug|iPhone.Build.0 = Debug|Any CPU
		{E2D5D331-7CF5-4994-B3C5-A0F9768EE37B}.Debug|iPhone.Deploy.0 = Debug|Any CPU
		{E2D5D331-7CF5-4994-B3C5-A0F9768EE37B}.Debug|iPhoneSimulator.ActiveCfg = Debug|Any CPU
		{E2D5D331-7CF5-4994-B3C5-A0F9768EE37B}.Debug|iPhoneSimulator.Build.0 = Debug|Any CPU
		{E2D5D331-7CF5-4994-B3C5-A0F9768EE37B}.Debug|iPhoneSimulator.Deploy.0 = Debug|Any CPU
		{E2D5D331-7CF5-4994-B3C5-A0F9768EE37B}.Release|Any CPU.ActiveCfg = Release|Any CPU
		{E2D5D331-7CF5-4994-B3C5-A0F9768EE37B}.Release|Any CPU.Build.0 = Release|Any CPU
		{E2D5D331-7CF5-4994-B3C5-A0F9768EE37B}.Release|Any CPU.Deploy.0 = Release|Any CPU
		{E2D5D331-7CF5-4994-B3C5-A0F9768EE37B}.Release|iPhone.ActiveCfg = Release|Any CPU
		{E2D5D331-7CF5-4994-B3C5-A0F9768EE37B}.Release|iPhone.Build.0 = Release|Any CPU
		{E2D5D331-7CF5-4994-B3C5-A0F9768EE37B}.Release|iPhone.Deploy.0 = Release|Any CPU
		{E2D5D331-7CF5-4994-B3C5-A0F9768EE37B}.Release|iPhoneSimulator.ActiveCfg = Release|Any CPU
		{E2D5D331-7CF5-4994-B3C5-A0F9768EE37B}.Release|iPhoneSimulator.Build.0 = Release|Any CPU
		{E2D5D331-7CF5-4994-B3C5-A0F9768EE37B}.Release|iPhoneSimulator.Deploy.0 = Release|Any CPU
		{C5705535-905C-4F35-BCE2-710F899FC376}.Ad-Hoc|Any CPU.ActiveCfg = Ad-Hoc|iPhone
		{C5705535-905C-4F35-BCE2-710F899FC376}.Ad-Hoc|Any CPU.Build.0 = Ad-Hoc|iPhone
		{C5705535-905C-4F35-BCE2-710F899FC376}.Ad-Hoc|Any CPU.Deploy.0 = Ad-Hoc|iPhone
		{C5705535-905C-4F35-BCE2-710F899FC376}.Ad-Hoc|iPhone.ActiveCfg = Ad-Hoc|iPhone
		{C5705535-905C-4F35-BCE2-710F899FC376}.Ad-Hoc|iPhone.Build.0 = Ad-Hoc|iPhone
		{C5705535-905C-4F35-BCE2-710F899FC376}.Ad-Hoc|iPhone.Deploy.0 = Ad-Hoc|iPhone
		{C5705535-905C-4F35-BCE2-710F899FC376}.Ad-Hoc|iPhoneSimulator.ActiveCfg = Ad-Hoc|iPhoneSimulator
		{C5705535-905C-4F35-BCE2-710F899FC376}.Ad-Hoc|iPhoneSimulator.Build.0 = Ad-Hoc|iPhoneSimulator
		{C5705535-905C-4F35-BCE2-710F899FC376}.Ad-Hoc|iPhoneSimulator.Deploy.0 = Ad-Hoc|iPhoneSimulator
		{C5705535-905C-4F35-BCE2-710F899FC376}.AppStore|Any CPU.ActiveCfg = AppStore|iPhone
		{C5705535-905C-4F35-BCE2-710F899FC376}.AppStore|Any CPU.Build.0 = AppStore|iPhone
		{C5705535-905C-4F35-BCE2-710F899FC376}.AppStore|Any CPU.Deploy.0 = AppStore|iPhone
		{C5705535-905C-4F35-BCE2-710F899FC376}.AppStore|iPhone.ActiveCfg = AppStore|iPhone
		{C5705535-905C-4F35-BCE2-710F899FC376}.AppStore|iPhone.Build.0 = AppStore|iPhone
		{C5705535-905C-4F35-BCE2-710F899FC376}.AppStore|iPhone.Deploy.0 = AppStore|iPhone
		{C5705535-905C-4F35-BCE2-710F899FC376}.AppStore|iPhoneSimulator.ActiveCfg = AppStore|iPhoneSimulator
		{C5705535-905C-4F35-BCE2-710F899FC376}.AppStore|iPhoneSimulator.Build.0 = AppStore|iPhoneSimulator
		{C5705535-905C-4F35-BCE2-710F899FC376}.AppStore|iPhoneSimulator.Deploy.0 = AppStore|iPhoneSimulator
		{C5705535-905C-4F35-BCE2-710F899FC376}.Debug|Any CPU.ActiveCfg = Debug|iPhoneSimulator
		{C5705535-905C-4F35-BCE2-710F899FC376}.Debug|Any CPU.Build.0 = Debug|iPhoneSimulator
		{C5705535-905C-4F35-BCE2-710F899FC376}.Debug|Any CPU.Deploy.0 = Debug|iPhoneSimulator
		{C5705535-905C-4F35-BCE2-710F899FC376}.Debug|iPhone.ActiveCfg = Debug|iPhone
		{C5705535-905C-4F35-BCE2-710F899FC376}.Debug|iPhone.Build.0 = Debug|iPhone
		{C5705535-905C-4F35-BCE2-710F899FC376}.Debug|iPhone.Deploy.0 = Debug|iPhone
		{C5705535-905C-4F35-BCE2-710F899FC376}.Debug|iPhoneSimulator.ActiveCfg = Debug|iPhoneSimulator
		{C5705535-905C-4F35-BCE2-710F899FC376}.Debug|iPhoneSimulator.Build.0 = Debug|iPhoneSimulator
		{C5705535-905C-4F35-BCE2-710F899FC376}.Debug|iPhoneSimulator.Deploy.0 = Debug|iPhoneSimulator
		{C5705535-905C-4F35-BCE2-710F899FC376}.Release|Any CPU.ActiveCfg = Release|iPhone
		{C5705535-905C-4F35-BCE2-710F899FC376}.Release|Any CPU.Build.0 = Release|iPhone
		{C5705535-905C-4F35-BCE2-710F899FC376}.Release|Any CPU.Deploy.0 = Release|iPhone
		{C5705535-905C-4F35-BCE2-710F899FC376}.Release|iPhone.ActiveCfg = Release|iPhone
		{C5705535-905C-4F35-BCE2-710F899FC376}.Release|iPhone.Build.0 = Release|iPhone
		{C5705535-905C-4F35-BCE2-710F899FC376}.Release|iPhone.Deploy.0 = Release|iPhone
		{C5705535-905C-4F35-BCE2-710F899FC376}.Release|iPhoneSimulator.ActiveCfg = Release|iPhoneSimulator
		{C5705535-905C-4F35-BCE2-710F899FC376}.Release|iPhoneSimulator.Build.0 = Release|iPhoneSimulator
		{C5705535-905C-4F35-BCE2-710F899FC376}.Release|iPhoneSimulator.Deploy.0 = Release|iPhoneSimulator
		{528AA1B1-2EA5-448F-962B-93A114396249}.Ad-Hoc|Any CPU.ActiveCfg = Debug|Any CPU
		{528AA1B1-2EA5-448F-962B-93A114396249}.Ad-Hoc|Any CPU.Build.0 = Debug|Any CPU
		{528AA1B1-2EA5-448F-962B-93A114396249}.Ad-Hoc|Any CPU.Deploy.0 = Debug|Any CPU
		{528AA1B1-2EA5-448F-962B-93A114396249}.Ad-Hoc|iPhone.ActiveCfg = Debug|Any CPU
		{528AA1B1-2EA5-448F-962B-93A114396249}.Ad-Hoc|iPhone.Build.0 = Debug|Any CPU
		{528AA1B1-2EA5-448F-962B-93A114396249}.Ad-Hoc|iPhone.Deploy.0 = Debug|Any CPU
		{528AA1B1-2EA5-448F-962B-93A114396249}.Ad-Hoc|iPhoneSimulator.ActiveCfg = Debug|Any CPU
		{528AA1B1-2EA5-448F-962B-93A114396249}.Ad-Hoc|iPhoneSimulator.Build.0 = Debug|Any CPU
		{528AA1B1-2EA5-448F-962B-93A114396249}.Ad-Hoc|iPhoneSimulator.Deploy.0 = Debug|Any CPU
		{528AA1B1-2EA5-448F-962B-93A114396249}.AppStore|Any CPU.ActiveCfg = Debug|Any CPU
		{528AA1B1-2EA5-448F-962B-93A114396249}.AppStore|Any CPU.Build.0 = Debug|Any CPU
		{528AA1B1-2EA5-448F-962B-93A114396249}.AppStore|Any CPU.Deploy.0 = Debug|Any CPU
		{528AA1B1-2EA5-448F-962B-93A114396249}.AppStore|iPhone.ActiveCfg = Debug|Any CPU
		{528AA1B1-2EA5-448F-962B-93A114396249}.AppStore|iPhone.Build.0 = Debug|Any CPU
		{528AA1B1-2EA5-448F-962B-93A114396249}.AppStore|iPhone.Deploy.0 = Debug|Any CPU
		{528AA1B1-2EA5-448F-962B-93A114396249}.AppStore|iPhoneSimulator.ActiveCfg = Debug|Any CPU
		{528AA1B1-2EA5-448F-962B-93A114396249}.AppStore|iPhoneSimulator.Build.0 = Debug|Any CPU
		{528AA1B1-2EA5-448F-962B-93A114396249}.AppStore|iPhoneSimulator.Deploy.0 = Debug|Any CPU
		{528AA1B1-2EA5-448F-962B-93A114396249}.Debug|Any CPU.ActiveCfg = Debug|Any CPU
		{528AA1B1-2EA5-448F-962B-93A114396249}.Debug|Any CPU.Build.0 = Debug|Any CPU
		{528AA1B1-2EA5-448F-962B-93A114396249}.Debug|Any CPU.Deploy.0 = Debug|Any CPU
		{528AA1B1-2EA5-448F-962B-93A114396249}.Debug|iPhone.ActiveCfg = Debug|Any CPU
		{528AA1B1-2EA5-448F-962B-93A114396249}.Debug|iPhone.Build.0 = Debug|Any CPU
		{528AA1B1-2EA5-448F-962B-93A114396249}.Debug|iPhone.Deploy.0 = Debug|Any CPU
		{528AA1B1-2EA5-448F-962B-93A114396249}.Debug|iPhoneSimulator.ActiveCfg = Debug|Any CPU
		{528AA1B1-2EA5-448F-962B-93A114396249}.Debug|iPhoneSimulator.Build.0 = Debug|Any CPU
		{528AA1B1-2EA5-448F-962B-93A114396249}.Debug|iPhoneSimulator.Deploy.0 = Debug|Any CPU
		{528AA1B1-2EA5-448F-962B-93A114396249}.Release|Any CPU.ActiveCfg = Release|Any CPU
		{528AA1B1-2EA5-448F-962B-93A114396249}.Release|Any CPU.Build.0 = Release|Any CPU
		{528AA1B1-2EA5-448F-962B-93A114396249}.Release|Any CPU.Deploy.0 = Release|Any CPU
		{528AA1B1-2EA5-448F-962B-93A114396249}.Release|iPhone.ActiveCfg = Release|Any CPU
		{528AA1B1-2EA5-448F-962B-93A114396249}.Release|iPhone.Build.0 = Release|Any CPU
		{528AA1B1-2EA5-448F-962B-93A114396249}.Release|iPhone.Deploy.0 = Release|Any CPU
		{528AA1B1-2EA5-448F-962B-93A114396249}.Release|iPhoneSimulator.ActiveCfg = Release|Any CPU
		{528AA1B1-2EA5-448F-962B-93A114396249}.Release|iPhoneSimulator.Build.0 = Release|Any CPU
		{528AA1B1-2EA5-448F-962B-93A114396249}.Release|iPhoneSimulator.Deploy.0 = Release|Any CPU
	EndGlobalSection
	GlobalSection(SolutionProperties) = preSolution
		HideSolutionNode = FALSE
	EndGlobalSection
	GlobalSection(ExtensibilityGlobals) = postSolution
		SolutionGuid = {514C02BD-0CC8-4092-B6E3-7FC6DAFF88BE}
	EndGlobalSection
EndGlobal
